// !$*UTF8*$!
{
	archiveVersion = 1;
	classes = {
	};
	objectVersion = 50;
	objects = {

/* Begin PBXBuildFile section */
		6841ABBE217C226300DBC6DF /* TranslucentView.swift in Sources */ = {isa = PBXBuildFile; fileRef = 6841ABBC217C226200DBC6DF /* TranslucentView.swift */; };
		6841ABBF217C226300DBC6DF /* Window.swift in Sources */ = {isa = PBXBuildFile; fileRef = 6841ABBD217C226200DBC6DF /* Window.swift */; };
		685D416F217BDC18003D1B79 /* AppDelegate.swift in Sources */ = {isa = PBXBuildFile; fileRef = 685D416E217BDC18003D1B79 /* AppDelegate.swift */; };
		685D4171217BDC18003D1B79 /* ViewController.swift in Sources */ = {isa = PBXBuildFile; fileRef = 685D4170217BDC18003D1B79 /* ViewController.swift */; };
		685D4173217BDC19003D1B79 /* Assets.xcassets in Resources */ = {isa = PBXBuildFile; fileRef = 685D4172217BDC19003D1B79 /* Assets.xcassets */; };
		685D4176217BDC19003D1B79 /* Main.storyboard in Resources */ = {isa = PBXBuildFile; fileRef = 685D4174217BDC19003D1B79 /* Main.storyboard */; };
		685D4182217BDC19003D1B79 /* ReloadAllTests.swift in Sources */ = {isa = PBXBuildFile; fileRef = 685D4181217BDC19003D1B79 /* ReloadAllTests.swift */; };
		685D418D217BDC19003D1B79 /* ReloadAllUITests.swift in Sources */ = {isa = PBXBuildFile; fileRef = 685D418C217BDC19003D1B79 /* ReloadAllUITests.swift */; };
		685D41A1217BDC61003D1B79 /* Cocoa.framework in Frameworks */ = {isa = PBXBuildFile; fileRef = 685D41A0217BDC61003D1B79 /* Cocoa.framework */; };
		685D41A4217BDC61003D1B79 /* SafariExtensionHandler.swift in Sources */ = {isa = PBXBuildFile; fileRef = 685D41A3217BDC61003D1B79 /* SafariExtensionHandler.swift */; };
		685D41AC217BDC61003D1B79 /* script.js in Resources */ = {isa = PBXBuildFile; fileRef = 685D41AB217BDC61003D1B79 /* script.js */; };
		685D41AE217BDC61003D1B79 /* ToolbarItemIcon.pdf in Resources */ = {isa = PBXBuildFile; fileRef = 685D41AD217BDC61003D1B79 /* ToolbarItemIcon.pdf */; };
		685D41B2217BDC61003D1B79 /* SafariExtension.appex in Embed App Extensions */ = {isa = PBXBuildFile; fileRef = 685D419E217BDC61003D1B79 /* SafariExtension.appex */; settings = {ATTRIBUTES = (RemoveHeadersOnCopy, ); }; };
		685D41B8217BDD6F003D1B79 /* ReloadPages.swift in Sources */ = {isa = PBXBuildFile; fileRef = 685D41B7217BDD6F003D1B79 /* ReloadPages.swift */; };
		6880EBED27AFBB8A00B479F4 /* README.md in Resources */ = {isa = PBXBuildFile; fileRef = 6880EBEC27AFBB8A00B479F4 /* README.md */; };
/* End PBXBuildFile section */

/* Begin PBXContainerItemProxy section */
		685D417E217BDC19003D1B79 /* PBXContainerItemProxy */ = {
			isa = PBXContainerItemProxy;
			containerPortal = 685D4163217BDC18003D1B79 /* Project object */;
			proxyType = 1;
			remoteGlobalIDString = 685D416A217BDC18003D1B79;
			remoteInfo = ReloadAll;
		};
		685D4189217BDC19003D1B79 /* PBXContainerItemProxy */ = {
			isa = PBXContainerItemProxy;
			containerPortal = 685D4163217BDC18003D1B79 /* Project object */;
			proxyType = 1;
			remoteGlobalIDString = 685D416A217BDC18003D1B79;
			remoteInfo = ReloadAll;
		};
		685D41B0217BDC61003D1B79 /* PBXContainerItemProxy */ = {
			isa = PBXContainerItemProxy;
			containerPortal = 685D4163217BDC18003D1B79 /* Project object */;
			proxyType = 1;
			remoteGlobalIDString = 685D419D217BDC61003D1B79;
			remoteInfo = SafariExtension;
		};
/* End PBXContainerItemProxy section */

/* Begin PBXCopyFilesBuildPhase section */
		685D41B6217BDC61003D1B79 /* Embed App Extensions */ = {
			isa = PBXCopyFilesBuildPhase;
			buildActionMask = 2147483647;
			dstPath = "";
			dstSubfolderSpec = 13;
			files = (
				685D41B2217BDC61003D1B79 /* SafariExtension.appex in Embed App Extensions */,
			);
			name = "Embed App Extensions";
			runOnlyForDeploymentPostprocessing = 0;
		};
/* End PBXCopyFilesBuildPhase section */

/* Begin PBXFileReference section */
		6841ABBC217C226200DBC6DF /* TranslucentView.swift */ = {isa = PBXFileReference; fileEncoding = 4; lastKnownFileType = sourcecode.swift; path = TranslucentView.swift; sourceTree = "<group>"; };
		6841ABBD217C226200DBC6DF /* Window.swift */ = {isa = PBXFileReference; fileEncoding = 4; lastKnownFileType = sourcecode.swift; path = Window.swift; sourceTree = "<group>"; };
		685D416B217BDC18003D1B79 /* Reload All.app */ = {isa = PBXFileReference; explicitFileType = wrapper.application; includeInIndex = 0; path = "Reload All.app"; sourceTree = BUILT_PRODUCTS_DIR; };
		685D416E217BDC18003D1B79 /* AppDelegate.swift */ = {isa = PBXFileReference; lastKnownFileType = sourcecode.swift; path = AppDelegate.swift; sourceTree = "<group>"; };
		685D4170217BDC18003D1B79 /* ViewController.swift */ = {isa = PBXFileReference; lastKnownFileType = sourcecode.swift; path = ViewController.swift; sourceTree = "<group>"; };
		685D4172217BDC19003D1B79 /* Assets.xcassets */ = {isa = PBXFileReference; lastKnownFileType = folder.assetcatalog; path = Assets.xcassets; sourceTree = "<group>"; };
		685D4175217BDC19003D1B79 /* Base */ = {isa = PBXFileReference; lastKnownFileType = file.storyboard; name = Base; path = Base.lproj/Main.storyboard; sourceTree = "<group>"; };
		685D4177217BDC19003D1B79 /* Info.plist */ = {isa = PBXFileReference; lastKnownFileType = text.plist.xml; path = Info.plist; sourceTree = "<group>"; };
		685D4178217BDC19003D1B79 /* ReloadAll.entitlements */ = {isa = PBXFileReference; lastKnownFileType = text.plist.entitlements; path = ReloadAll.entitlements; sourceTree = "<group>"; };
		685D417D217BDC19003D1B79 /* ReloadAllTests.xctest */ = {isa = PBXFileReference; explicitFileType = wrapper.cfbundle; includeInIndex = 0; path = ReloadAllTests.xctest; sourceTree = BUILT_PRODUCTS_DIR; };
		685D4181217BDC19003D1B79 /* ReloadAllTests.swift */ = {isa = PBXFileReference; lastKnownFileType = sourcecode.swift; path = ReloadAllTests.swift; sourceTree = "<group>"; };
		685D4183217BDC19003D1B79 /* Info.plist */ = {isa = PBXFileReference; lastKnownFileType = text.plist.xml; path = Info.plist; sourceTree = "<group>"; };
		685D4188217BDC19003D1B79 /* ReloadAllUITests.xctest */ = {isa = PBXFileReference; explicitFileType = wrapper.cfbundle; includeInIndex = 0; path = ReloadAllUITests.xctest; sourceTree = BUILT_PRODUCTS_DIR; };
		685D418C217BDC19003D1B79 /* ReloadAllUITests.swift */ = {isa = PBXFileReference; lastKnownFileType = sourcecode.swift; path = ReloadAllUITests.swift; sourceTree = "<group>"; };
		685D418E217BDC19003D1B79 /* Info.plist */ = {isa = PBXFileReference; lastKnownFileType = text.plist.xml; path = Info.plist; sourceTree = "<group>"; };
		685D419E217BDC61003D1B79 /* SafariExtension.appex */ = {isa = PBXFileReference; explicitFileType = "wrapper.app-extension"; includeInIndex = 0; path = SafariExtension.appex; sourceTree = BUILT_PRODUCTS_DIR; };
		685D41A0217BDC61003D1B79 /* Cocoa.framework */ = {isa = PBXFileReference; lastKnownFileType = wrapper.framework; name = Cocoa.framework; path = System/Library/Frameworks/Cocoa.framework; sourceTree = SDKROOT; };
		685D41A3217BDC61003D1B79 /* SafariExtensionHandler.swift */ = {isa = PBXFileReference; lastKnownFileType = sourcecode.swift; path = SafariExtensionHandler.swift; sourceTree = "<group>"; };
		685D41AA217BDC61003D1B79 /* Info.plist */ = {isa = PBXFileReference; lastKnownFileType = text.plist.xml; path = Info.plist; sourceTree = "<group>"; };
		685D41AB217BDC61003D1B79 /* script.js */ = {isa = PBXFileReference; lastKnownFileType = sourcecode.javascript; path = script.js; sourceTree = "<group>"; };
		685D41AD217BDC61003D1B79 /* ToolbarItemIcon.pdf */ = {isa = PBXFileReference; lastKnownFileType = image.pdf; path = ToolbarItemIcon.pdf; sourceTree = "<group>"; };
		685D41AF217BDC61003D1B79 /* SafariExtension.entitlements */ = {isa = PBXFileReference; lastKnownFileType = text.plist.entitlements; path = SafariExtension.entitlements; sourceTree = "<group>"; };
		685D41B7217BDD6F003D1B79 /* ReloadPages.swift */ = {isa = PBXFileReference; fileEncoding = 4; lastKnownFileType = sourcecode.swift; path = ReloadPages.swift; sourceTree = "<group>"; };
		6880EBEC27AFBB8A00B479F4 /* README.md */ = {isa = PBXFileReference; lastKnownFileType = net.daringfireball.markdown; path = README.md; sourceTree = "<group>"; };
		6880EBEE27AFC14200B479F4 /* LICENSE */ = {isa = PBXFileReference; lastKnownFileType = text; path = LICENSE; sourceTree = "<group>"; };
		6880EBEF27AFC17000B479F4 /* .gitignore */ = {isa = PBXFileReference; lastKnownFileType = text; path = .gitignore; sourceTree = "<group>"; };
/* End PBXFileReference section */

/* Begin PBXFrameworksBuildPhase section */
		685D4168217BDC18003D1B79 /* Frameworks */ = {
			isa = PBXFrameworksBuildPhase;
			buildActionMask = 2147483647;
			files = (
			);
			runOnlyForDeploymentPostprocessing = 0;
		};
		685D417A217BDC19003D1B79 /* Frameworks */ = {
			isa = PBXFrameworksBuildPhase;
			buildActionMask = 2147483647;
			files = (
			);
			runOnlyForDeploymentPostprocessing = 0;
		};
		685D4185217BDC19003D1B79 /* Frameworks */ = {
			isa = PBXFrameworksBuildPhase;
			buildActionMask = 2147483647;
			files = (
			);
			runOnlyForDeploymentPostprocessing = 0;
		};
		685D419B217BDC61003D1B79 /* Frameworks */ = {
			isa = PBXFrameworksBuildPhase;
			buildActionMask = 2147483647;
			files = (
				685D41A1217BDC61003D1B79 /* Cocoa.framework in Frameworks */,
			);
			runOnlyForDeploymentPostprocessing = 0;
		};
/* End PBXFrameworksBuildPhase section */

/* Begin PBXGroup section */
		685D4162217BDC18003D1B79 = {
			isa = PBXGroup;
			children = (
				6880EBEF27AFC17000B479F4 /* .gitignore */,
				6880EBEC27AFBB8A00B479F4 /* README.md */,
				6880EBEE27AFC14200B479F4 /* LICENSE */,
				685D416D217BDC18003D1B79 /* ReloadAll */,
				685D4180217BDC19003D1B79 /* ReloadAllTests */,
				685D418B217BDC19003D1B79 /* ReloadAllUITests */,
				685D41A2217BDC61003D1B79 /* SafariExtension */,
				685D419F217BDC61003D1B79 /* Frameworks */,
				685D416C217BDC18003D1B79 /* Products */,
			);
			sourceTree = "<group>";
		};
		685D416C217BDC18003D1B79 /* Products */ = {
			isa = PBXGroup;
			children = (
				685D416B217BDC18003D1B79 /* Reload All.app */,
				685D417D217BDC19003D1B79 /* ReloadAllTests.xctest */,
				685D4188217BDC19003D1B79 /* ReloadAllUITests.xctest */,
				685D419E217BDC61003D1B79 /* SafariExtension.appex */,
			);
			name = Products;
			sourceTree = "<group>";
		};
		685D416D217BDC18003D1B79 /* ReloadAll */ = {
			isa = PBXGroup;
			children = (
				6841ABBC217C226200DBC6DF /* TranslucentView.swift */,
				6841ABBD217C226200DBC6DF /* Window.swift */,
				685D416E217BDC18003D1B79 /* AppDelegate.swift */,
				685D4170217BDC18003D1B79 /* ViewController.swift */,
				685D4172217BDC19003D1B79 /* Assets.xcassets */,
				685D4174217BDC19003D1B79 /* Main.storyboard */,
				685D4177217BDC19003D1B79 /* Info.plist */,
				685D4178217BDC19003D1B79 /* ReloadAll.entitlements */,
			);
			path = ReloadAll;
			sourceTree = "<group>";
		};
		685D4180217BDC19003D1B79 /* ReloadAllTests */ = {
			isa = PBXGroup;
			children = (
				685D4181217BDC19003D1B79 /* ReloadAllTests.swift */,
				685D4183217BDC19003D1B79 /* Info.plist */,
			);
			path = ReloadAllTests;
			sourceTree = "<group>";
		};
		685D418B217BDC19003D1B79 /* ReloadAllUITests */ = {
			isa = PBXGroup;
			children = (
				685D418C217BDC19003D1B79 /* ReloadAllUITests.swift */,
				685D418E217BDC19003D1B79 /* Info.plist */,
			);
			path = ReloadAllUITests;
			sourceTree = "<group>";
		};
		685D419F217BDC61003D1B79 /* Frameworks */ = {
			isa = PBXGroup;
			children = (
				685D41A0217BDC61003D1B79 /* Cocoa.framework */,
			);
			name = Frameworks;
			sourceTree = "<group>";
		};
		685D41A2217BDC61003D1B79 /* SafariExtension */ = {
			isa = PBXGroup;
			children = (
				685D41A3217BDC61003D1B79 /* SafariExtensionHandler.swift */,
				685D41AA217BDC61003D1B79 /* Info.plist */,
				685D41AB217BDC61003D1B79 /* script.js */,
				685D41AD217BDC61003D1B79 /* ToolbarItemIcon.pdf */,
				685D41AF217BDC61003D1B79 /* SafariExtension.entitlements */,
				685D41B7217BDD6F003D1B79 /* ReloadPages.swift */,
			);
			path = SafariExtension;
			sourceTree = "<group>";
		};
/* End PBXGroup section */

/* Begin PBXNativeTarget section */
		685D416A217BDC18003D1B79 /* Reload All */ = {
			isa = PBXNativeTarget;
			buildConfigurationList = 685D4191217BDC19003D1B79 /* Build configuration list for PBXNativeTarget "Reload All" */;
			buildPhases = (
				685D4167217BDC18003D1B79 /* Sources */,
				685D4168217BDC18003D1B79 /* Frameworks */,
				685D4169217BDC18003D1B79 /* Resources */,
				685D41B6217BDC61003D1B79 /* Embed App Extensions */,
			);
			buildRules = (
			);
			dependencies = (
				685D41B1217BDC61003D1B79 /* PBXTargetDependency */,
			);
			name = "Reload All";
			productName = ReloadAll;
			productReference = 685D416B217BDC18003D1B79 /* Reload All.app */;
			productType = "com.apple.product-type.application";
		};
		685D417C217BDC19003D1B79 /* ReloadAllTests */ = {
			isa = PBXNativeTarget;
			buildConfigurationList = 685D4194217BDC19003D1B79 /* Build configuration list for PBXNativeTarget "ReloadAllTests" */;
			buildPhases = (
				685D4179217BDC19003D1B79 /* Sources */,
				685D417A217BDC19003D1B79 /* Frameworks */,
				685D417B217BDC19003D1B79 /* Resources */,
			);
			buildRules = (
			);
			dependencies = (
				685D417F217BDC19003D1B79 /* PBXTargetDependency */,
			);
			name = ReloadAllTests;
			productName = ReloadAllTests;
			productReference = 685D417D217BDC19003D1B79 /* ReloadAllTests.xctest */;
			productType = "com.apple.product-type.bundle.unit-test";
		};
		685D4187217BDC19003D1B79 /* ReloadAllUITests */ = {
			isa = PBXNativeTarget;
			buildConfigurationList = 685D4197217BDC19003D1B79 /* Build configuration list for PBXNativeTarget "ReloadAllUITests" */;
			buildPhases = (
				685D4184217BDC19003D1B79 /* Sources */,
				685D4185217BDC19003D1B79 /* Frameworks */,
				685D4186217BDC19003D1B79 /* Resources */,
			);
			buildRules = (
			);
			dependencies = (
				685D418A217BDC19003D1B79 /* PBXTargetDependency */,
			);
			name = ReloadAllUITests;
			productName = ReloadAllUITests;
			productReference = 685D4188217BDC19003D1B79 /* ReloadAllUITests.xctest */;
			productType = "com.apple.product-type.bundle.ui-testing";
		};
		685D419D217BDC61003D1B79 /* SafariExtension */ = {
			isa = PBXNativeTarget;
			buildConfigurationList = 685D41B3217BDC61003D1B79 /* Build configuration list for PBXNativeTarget "SafariExtension" */;
			buildPhases = (
				685D419A217BDC61003D1B79 /* Sources */,
				685D419B217BDC61003D1B79 /* Frameworks */,
				685D419C217BDC61003D1B79 /* Resources */,
			);
			buildRules = (
			);
			dependencies = (
			);
			name = SafariExtension;
			productName = SafariExtension;
			productReference = 685D419E217BDC61003D1B79 /* SafariExtension.appex */;
			productType = "com.apple.product-type.app-extension";
		};
/* End PBXNativeTarget section */

/* Begin PBXProject section */
		685D4163217BDC18003D1B79 /* Project object */ = {
			isa = PBXProject;
			attributes = {
				LastSwiftUpdateCheck = 1000;
				LastUpgradeCheck = 1320;
				ORGANIZATIONNAME = DevSci;
				TargetAttributes = {
					685D416A217BDC18003D1B79 = {
						CreatedOnToolsVersion = 10.0;
						LastSwiftMigration = 1320;
					};
					685D417C217BDC19003D1B79 = {
						CreatedOnToolsVersion = 10.0;
						LastSwiftMigration = 1320;
						TestTargetID = 685D416A217BDC18003D1B79;
					};
					685D4187217BDC19003D1B79 = {
						CreatedOnToolsVersion = 10.0;
						LastSwiftMigration = 1320;
						TestTargetID = 685D416A217BDC18003D1B79;
					};
					685D419D217BDC61003D1B79 = {
						CreatedOnToolsVersion = 10.0;
						LastSwiftMigration = 1320;
					};
				};
			};
			buildConfigurationList = 685D4166217BDC18003D1B79 /* Build configuration list for PBXProject "ReloadAll" */;
			compatibilityVersion = "Xcode 9.3";
			developmentRegion = en;
			hasScannedForEncodings = 0;
			knownRegions = (
				en,
				Base,
			);
			mainGroup = 685D4162217BDC18003D1B79;
			productRefGroup = 685D416C217BDC18003D1B79 /* Products */;
			projectDirPath = "";
			projectRoot = "";
			targets = (
				685D416A217BDC18003D1B79 /* Reload All */,
				685D417C217BDC19003D1B79 /* ReloadAllTests */,
				685D4187217BDC19003D1B79 /* ReloadAllUITests */,
				685D419D217BDC61003D1B79 /* SafariExtension */,
			);
		};
/* End PBXProject section */

/* Begin PBXResourcesBuildPhase section */
		685D4169217BDC18003D1B79 /* Resources */ = {
			isa = PBXResourcesBuildPhase;
			buildActionMask = 2147483647;
			files = (
				6880EBED27AFBB8A00B479F4 /* README.md in Resources */,
				685D4173217BDC19003D1B79 /* Assets.xcassets in Resources */,
				685D4176217BDC19003D1B79 /* Main.storyboard in Resources */,
			);
			runOnlyForDeploymentPostprocessing = 0;
		};
		685D417B217BDC19003D1B79 /* Resources */ = {
			isa = PBXResourcesBuildPhase;
			buildActionMask = 2147483647;
			files = (
			);
			runOnlyForDeploymentPostprocessing = 0;
		};
		685D4186217BDC19003D1B79 /* Resources */ = {
			isa = PBXResourcesBuildPhase;
			buildActionMask = 2147483647;
			files = (
			);
			runOnlyForDeploymentPostprocessing = 0;
		};
		685D419C217BDC61003D1B79 /* Resources */ = {
			isa = PBXResourcesBuildPhase;
			buildActionMask = 2147483647;
			files = (
				685D41AE217BDC61003D1B79 /* ToolbarItemIcon.pdf in Resources */,
				685D41AC217BDC61003D1B79 /* script.js in Resources */,
			);
			runOnlyForDeploymentPostprocessing = 0;
		};
/* End PBXResourcesBuildPhase section */

/* Begin PBXSourcesBuildPhase section */
		685D4167217BDC18003D1B79 /* Sources */ = {
			isa = PBXSourcesBuildPhase;
			buildActionMask = 2147483647;
			files = (
				6841ABBE217C226300DBC6DF /* TranslucentView.swift in Sources */,
				685D4171217BDC18003D1B79 /* ViewController.swift in Sources */,
				685D416F217BDC18003D1B79 /* AppDelegate.swift in Sources */,
				6841ABBF217C226300DBC6DF /* Window.swift in Sources */,
			);
			runOnlyForDeploymentPostprocessing = 0;
		};
		685D4179217BDC19003D1B79 /* Sources */ = {
			isa = PBXSourcesBuildPhase;
			buildActionMask = 2147483647;
			files = (
				685D4182217BDC19003D1B79 /* ReloadAllTests.swift in Sources */,
			);
			runOnlyForDeploymentPostprocessing = 0;
		};
		685D4184217BDC19003D1B79 /* Sources */ = {
			isa = PBXSourcesBuildPhase;
			buildActionMask = 2147483647;
			files = (
				685D418D217BDC19003D1B79 /* ReloadAllUITests.swift in Sources */,
			);
			runOnlyForDeploymentPostprocessing = 0;
		};
		685D419A217BDC61003D1B79 /* Sources */ = {
			isa = PBXSourcesBuildPhase;
			buildActionMask = 2147483647;
			files = (
				685D41A4217BDC61003D1B79 /* SafariExtensionHandler.swift in Sources */,
				685D41B8217BDD6F003D1B79 /* ReloadPages.swift in Sources */,
			);
			runOnlyForDeploymentPostprocessing = 0;
		};
/* End PBXSourcesBuildPhase section */

/* Begin PBXTargetDependency section */
		685D417F217BDC19003D1B79 /* PBXTargetDependency */ = {
			isa = PBXTargetDependency;
			target = 685D416A217BDC18003D1B79 /* Reload All */;
			targetProxy = 685D417E217BDC19003D1B79 /* PBXContainerItemProxy */;
		};
		685D418A217BDC19003D1B79 /* PBXTargetDependency */ = {
			isa = PBXTargetDependency;
			target = 685D416A217BDC18003D1B79 /* Reload All */;
			targetProxy = 685D4189217BDC19003D1B79 /* PBXContainerItemProxy */;
		};
		685D41B1217BDC61003D1B79 /* PBXTargetDependency */ = {
			isa = PBXTargetDependency;
			target = 685D419D217BDC61003D1B79 /* SafariExtension */;
			targetProxy = 685D41B0217BDC61003D1B79 /* PBXContainerItemProxy */;
		};
/* End PBXTargetDependency section */

/* Begin PBXVariantGroup section */
		685D4174217BDC19003D1B79 /* Main.storyboard */ = {
			isa = PBXVariantGroup;
			children = (
				685D4175217BDC19003D1B79 /* Base */,
			);
			name = Main.storyboard;
			sourceTree = "<group>";
		};
/* End PBXVariantGroup section */

/* Begin XCBuildConfiguration section */
		685D418F217BDC19003D1B79 /* Debug */ = {
			isa = XCBuildConfiguration;
			buildSettings = {
				ALWAYS_SEARCH_USER_PATHS = NO;
				CLANG_ANALYZER_NONNULL = YES;
				CLANG_ANALYZER_NUMBER_OBJECT_CONVERSION = YES_AGGRESSIVE;
				CLANG_CXX_LANGUAGE_STANDARD = "gnu++14";
				CLANG_CXX_LIBRARY = "libc++";
				CLANG_ENABLE_MODULES = YES;
				CLANG_ENABLE_OBJC_ARC = YES;
				CLANG_ENABLE_OBJC_WEAK = YES;
				CLANG_WARN_BLOCK_CAPTURE_AUTORELEASING = YES;
				CLANG_WARN_BOOL_CONVERSION = YES;
				CLANG_WARN_COMMA = YES;
				CLANG_WARN_CONSTANT_CONVERSION = YES;
				CLANG_WARN_DEPRECATED_OBJC_IMPLEMENTATIONS = YES;
				CLANG_WARN_DIRECT_OBJC_ISA_USAGE = YES_ERROR;
				CLANG_WARN_DOCUMENTATION_COMMENTS = YES;
				CLANG_WARN_EMPTY_BODY = YES;
				CLANG_WARN_ENUM_CONVERSION = YES;
				CLANG_WARN_INFINITE_RECURSION = YES;
				CLANG_WARN_INT_CONVERSION = YES;
				CLANG_WARN_NON_LITERAL_NULL_CONVERSION = YES;
				CLANG_WARN_OBJC_IMPLICIT_RETAIN_SELF = YES;
				CLANG_WARN_OBJC_LITERAL_CONVERSION = YES;
				CLANG_WARN_OBJC_ROOT_CLASS = YES_ERROR;
				CLANG_WARN_QUOTED_INCLUDE_IN_FRAMEWORK_HEADER = YES;
				CLANG_WARN_RANGE_LOOP_ANALYSIS = YES;
				CLANG_WARN_STRICT_PROTOTYPES = YES;
				CLANG_WARN_SUSPICIOUS_MOVE = YES;
				CLANG_WARN_UNGUARDED_AVAILABILITY = YES_AGGRESSIVE;
				CLANG_WARN_UNREACHABLE_CODE = YES;
				CLANG_WARN__DUPLICATE_METHOD_MATCH = YES;
				CODE_SIGN_IDENTITY = "Mac Developer";
				COPY_PHASE_STRIP = NO;
				DEBUG_INFORMATION_FORMAT = dwarf;
				ENABLE_STRICT_OBJC_MSGSEND = YES;
				ENABLE_TESTABILITY = YES;
				GCC_C_LANGUAGE_STANDARD = gnu11;
				GCC_DYNAMIC_NO_PIC = NO;
				GCC_NO_COMMON_BLOCKS = YES;
				GCC_OPTIMIZATION_LEVEL = 0;
				GCC_PREPROCESSOR_DEFINITIONS = (
					"DEBUG=1",
					"$(inherited)",
				);
				GCC_WARN_64_TO_32_BIT_CONVERSION = YES;
				GCC_WARN_ABOUT_RETURN_TYPE = YES_ERROR;
				GCC_WARN_UNDECLARED_SELECTOR = YES;
				GCC_WARN_UNINITIALIZED_AUTOS = YES_AGGRESSIVE;
				GCC_WARN_UNUSED_FUNCTION = YES;
				GCC_WARN_UNUSED_VARIABLE = YES;
				MACOSX_DEPLOYMENT_TARGET = 10.14;
				MTL_ENABLE_DEBUG_INFO = INCLUDE_SOURCE;
				MTL_FAST_MATH = YES;
				ONLY_ACTIVE_ARCH = YES;
				PRODUCT_NAME = "Reload All";
				SDKROOT = macosx;
				SWIFT_ACTIVE_COMPILATION_CONDITIONS = DEBUG;
				SWIFT_OPTIMIZATION_LEVEL = "-Onone";
			};
			name = Debug;
		};
		685D4190217BDC19003D1B79 /* Release */ = {
			isa = XCBuildConfiguration;
			buildSettings = {
				ALWAYS_SEARCH_USER_PATHS = NO;
				CLANG_ANALYZER_NONNULL = YES;
				CLANG_ANALYZER_NUMBER_OBJECT_CONVERSION = YES_AGGRESSIVE;
				CLANG_CXX_LANGUAGE_STANDARD = "gnu++14";
				CLANG_CXX_LIBRARY = "libc++";
				CLANG_ENABLE_MODULES = YES;
				CLANG_ENABLE_OBJC_ARC = YES;
				CLANG_ENABLE_OBJC_WEAK = YES;
				CLANG_WARN_BLOCK_CAPTURE_AUTORELEASING = YES;
				CLANG_WARN_BOOL_CONVERSION = YES;
				CLANG_WARN_COMMA = YES;
				CLANG_WARN_CONSTANT_CONVERSION = YES;
				CLANG_WARN_DEPRECATED_OBJC_IMPLEMENTATIONS = YES;
				CLANG_WARN_DIRECT_OBJC_ISA_USAGE = YES_ERROR;
				CLANG_WARN_DOCUMENTATION_COMMENTS = YES;
				CLANG_WARN_EMPTY_BODY = YES;
				CLANG_WARN_ENUM_CONVERSION = YES;
				CLANG_WARN_INFINITE_RECURSION = YES;
				CLANG_WARN_INT_CONVERSION = YES;
				CLANG_WARN_NON_LITERAL_NULL_CONVERSION = YES;
				CLANG_WARN_OBJC_IMPLICIT_RETAIN_SELF = YES;
				CLANG_WARN_OBJC_LITERAL_CONVERSION = YES;
				CLANG_WARN_OBJC_ROOT_CLASS = YES_ERROR;
				CLANG_WARN_QUOTED_INCLUDE_IN_FRAMEWORK_HEADER = YES;
				CLANG_WARN_RANGE_LOOP_ANALYSIS = YES;
				CLANG_WARN_STRICT_PROTOTYPES = YES;
				CLANG_WARN_SUSPICIOUS_MOVE = YES;
				CLANG_WARN_UNGUARDED_AVAILABILITY = YES_AGGRESSIVE;
				CLANG_WARN_UNREACHABLE_CODE = YES;
				CLANG_WARN__DUPLICATE_METHOD_MATCH = YES;
				CODE_SIGN_IDENTITY = "Mac Developer";
				COPY_PHASE_STRIP = NO;
				DEBUG_INFORMATION_FORMAT = "dwarf-with-dsym";
				ENABLE_NS_ASSERTIONS = NO;
				ENABLE_STRICT_OBJC_MSGSEND = YES;
				GCC_C_LANGUAGE_STANDARD = gnu11;
				GCC_NO_COMMON_BLOCKS = YES;
				GCC_WARN_64_TO_32_BIT_CONVERSION = YES;
				GCC_WARN_ABOUT_RETURN_TYPE = YES_ERROR;
				GCC_WARN_UNDECLARED_SELECTOR = YES;
				GCC_WARN_UNINITIALIZED_AUTOS = YES_AGGRESSIVE;
				GCC_WARN_UNUSED_FUNCTION = YES;
				GCC_WARN_UNUSED_VARIABLE = YES;
				MACOSX_DEPLOYMENT_TARGET = 10.14;
				MTL_ENABLE_DEBUG_INFO = NO;
				MTL_FAST_MATH = YES;
				PRODUCT_NAME = "Reload All";
				SDKROOT = macosx;
				SWIFT_COMPILATION_MODE = wholemodule;
				SWIFT_OPTIMIZATION_LEVEL = "-O";
			};
			name = Release;
		};
		685D4192217BDC19003D1B79 /* Debug */ = {
			isa = XCBuildConfiguration;
			buildSettings = {
				ALWAYS_EMBED_SWIFT_STANDARD_LIBRARIES = YES;
				ASSETCATALOG_COMPILER_APPICON_NAME = AppIcon;
				CODE_SIGN_ENTITLEMENTS = ReloadAll/ReloadAll.entitlements;
				CODE_SIGN_IDENTITY = "Apple Development";
				CODE_SIGN_STYLE = Automatic;
				COMBINE_HIDPI_IMAGES = YES;
				CURRENT_PROJECT_VERSION = 5;
				DEVELOPMENT_TEAM = N7TC759VWV;
				INFOPLIST_FILE = ReloadAll/Info.plist;
				LD_RUNPATH_SEARCH_PATHS = (
					"$(inherited)",
					"@executable_path/../Frameworks",
				);
				MARKETING_VERSION = 1.1.1;
				PRODUCT_BUNDLE_IDENTIFIER = net.devsci.reloadall;
				PRODUCT_NAME = "${TARGET_NAME}";
				PROVISIONING_PROFILE_SPECIFIER = "";
				SWIFT_VERSION = 5.0;
			};
			name = Debug;
		};
		685D4193217BDC19003D1B79 /* Release */ = {
			isa = XCBuildConfiguration;
			buildSettings = {
				ALWAYS_EMBED_SWIFT_STANDARD_LIBRARIES = YES;
				ASSETCATALOG_COMPILER_APPICON_NAME = AppIcon;
				CODE_SIGN_ENTITLEMENTS = ReloadAll/ReloadAll.entitlements;
				CODE_SIGN_IDENTITY = "Apple Development";
				CODE_SIGN_STYLE = Automatic;
				COMBINE_HIDPI_IMAGES = YES;
				CURRENT_PROJECT_VERSION = 5;
				DEVELOPMENT_TEAM = N7TC759VWV;
				INFOPLIST_FILE = ReloadAll/Info.plist;
				LD_RUNPATH_SEARCH_PATHS = (
					"$(inherited)",
					"@executable_path/../Frameworks",
				);
				MARKETING_VERSION = 1.1.1;
				PRODUCT_BUNDLE_IDENTIFIER = net.devsci.reloadall;
				PRODUCT_NAME = "${TARGET_NAME}";
				PROVISIONING_PROFILE_SPECIFIER = "";
				SWIFT_VERSION = 5.0;
			};
			name = Release;
		};
		685D4195217BDC19003D1B79 /* Debug */ = {
			isa = XCBuildConfiguration;
			buildSettings = {
				ALWAYS_EMBED_SWIFT_STANDARD_LIBRARIES = YES;
				BUNDLE_LOADER = "$(TEST_HOST)";
				CODE_SIGN_STYLE = Automatic;
				COMBINE_HIDPI_IMAGES = YES;
				DEVELOPMENT_TEAM = N7TC759VWV;
				INFOPLIST_FILE = ReloadAllTests/Info.plist;
				LD_RUNPATH_SEARCH_PATHS = (
					"$(inherited)",
					"@executable_path/../Frameworks",
					"@loader_path/../Frameworks",
				);
				PRODUCT_BUNDLE_IDENTIFIER = net.devsci.ReloadAllTests;
				PRODUCT_NAME = "$(TARGET_NAME)";
				SWIFT_VERSION = 4.2;
				TEST_HOST = "$(BUILT_PRODUCTS_DIR)/ReloadAll.app/Contents/MacOS/ReloadAll";
			};
			name = Debug;
		};
		685D4196217BDC19003D1B79 /* Release */ = {
			isa = XCBuildConfiguration;
			buildSettings = {
				ALWAYS_EMBED_SWIFT_STANDARD_LIBRARIES = YES;
				BUNDLE_LOADER = "$(TEST_HOST)";
				CODE_SIGN_STYLE = Automatic;
				COMBINE_HIDPI_IMAGES = YES;
				DEVELOPMENT_TEAM = N7TC759VWV;
				INFOPLIST_FILE = ReloadAllTests/Info.plist;
				LD_RUNPATH_SEARCH_PATHS = (
					"$(inherited)",
					"@executable_path/../Frameworks",
					"@loader_path/../Frameworks",
				);
				PRODUCT_BUNDLE_IDENTIFIER = net.devsci.ReloadAllTests;
				PRODUCT_NAME = "$(TARGET_NAME)";
				SWIFT_VERSION = 4.2;
				TEST_HOST = "$(BUILT_PRODUCTS_DIR)/ReloadAll.app/Contents/MacOS/ReloadAll";
			};
			name = Release;
		};
		685D4198217BDC19003D1B79 /* Debug */ = {
			isa = XCBuildConfiguration;
			buildSettings = {
				ALWAYS_EMBED_SWIFT_STANDARD_LIBRARIES = YES;
				CODE_SIGN_STYLE = Automatic;
				COMBINE_HIDPI_IMAGES = YES;
				DEVELOPMENT_TEAM = N7TC759VWV;
				INFOPLIST_FILE = ReloadAllUITests/Info.plist;
				LD_RUNPATH_SEARCH_PATHS = (
					"$(inherited)",
					"@executable_path/../Frameworks",
					"@loader_path/../Frameworks",
				);
				PRODUCT_BUNDLE_IDENTIFIER = net.devsci.ReloadAllUITests;
				PRODUCT_NAME = "$(TARGET_NAME)";
				SWIFT_VERSION = 4.2;
				TEST_TARGET_NAME = ReloadAll;
			};
			name = Debug;
		};
		685D4199217BDC19003D1B79 /* Release */ = {
			isa = XCBuildConfiguration;
			buildSettings = {
				ALWAYS_EMBED_SWIFT_STANDARD_LIBRARIES = YES;
				CODE_SIGN_STYLE = Automatic;
				COMBINE_HIDPI_IMAGES = YES;
				DEVELOPMENT_TEAM = N7TC759VWV;
				INFOPLIST_FILE = ReloadAllUITests/Info.plist;
				LD_RUNPATH_SEARCH_PATHS = (
					"$(inherited)",
					"@executable_path/../Frameworks",
					"@loader_path/../Frameworks",
				);
				PRODUCT_BUNDLE_IDENTIFIER = net.devsci.ReloadAllUITests;
				PRODUCT_NAME = "$(TARGET_NAME)";
				SWIFT_VERSION = 4.2;
				TEST_TARGET_NAME = ReloadAll;
			};
			name = Release;
		};
		685D41B4217BDC61003D1B79 /* Debug */ = {
			isa = XCBuildConfiguration;
			buildSettings = {
				CODE_SIGN_ENTITLEMENTS = SafariExtension/SafariExtension.entitlements;
				CODE_SIGN_IDENTITY = "Apple Development";
				CODE_SIGN_STYLE = Automatic;
				CURRENT_PROJECT_VERSION = 5;
				DEVELOPMENT_TEAM = N7TC759VWV;
				INFOPLIST_FILE = SafariExtension/Info.plist;
				LD_RUNPATH_SEARCH_PATHS = (
					"$(inherited)",
					"@executable_path/../Frameworks",
					"@executable_path/../../../../Frameworks",
				);
				MARKETING_VERSION = 1.1.1;
				PRODUCT_BUNDLE_IDENTIFIER = net.devsci.reloadall.safariextension;
				PRODUCT_NAME = "$(TARGET_NAME)";
				SKIP_INSTALL = YES;
				SWIFT_VERSION = 5.0;
			};
			name = Debug;
		};
		685D41B5217BDC61003D1B79 /* Release */ = {
			isa = XCBuildConfiguration;
			buildSettings = {
				CODE_SIGN_ENTITLEMENTS = SafariExtension/SafariExtension.entitlements;
				CODE_SIGN_IDENTITY = "Apple Development";
				CODE_SIGN_STYLE = Automatic;
				CURRENT_PROJECT_VERSION = 5;
				DEVELOPMENT_TEAM = N7TC759VWV;
				INFOPLIST_FILE = SafariExtension/Info.plist;
				LD_RUNPATH_SEARCH_PATHS = (
					"$(inherited)",
					"@executable_path/../Frameworks",
					"@executable_path/../../../../Frameworks",
				);
				MARKETING_VERSION = 1.1.1;
				PRODUCT_BUNDLE_IDENTIFIER = net.devsci.reloadall.safariextension;
				PRODUCT_NAME = "$(TARGET_NAME)";
				SKIP_INSTALL = YES;
				SWIFT_VERSION = 5.0;
			};
			name = Release;
		};
/* End XCBuildConfiguration section */

/* Begin XCConfigurationList section */
		685D4166217BDC18003D1B79 /* Build configuration list for PBXProject "ReloadAll" */ = {
			isa = XCConfigurationList;
			buildConfigurations = (
				685D418F217BDC19003D1B79 /* Debug */,
				685D4190217BDC19003D1B79 /* Release */,
			);
			defaultConfigurationIsVisible = 0;
			defaultConfigurationName = Release;
		};
		685D4191217BDC19003D1B79 /* Build configuration list for PBXNativeTarget "Reload All" */ = {
			isa = XCConfigurationList;
			buildConfigurations = (
				685D4192217BDC19003D1B79 /* Debug */,
				685D4193217BDC19003D1B79 /* Release */,
			);
			defaultConfigurationIsVisible = 0;
			defaultConfigurationName = Release;
		};
		685D4194217BDC19003D1B79 /* Build configuration list for PBXNativeTarget "ReloadAllTests" */ = {
			isa = XCConfigurationList;
			buildConfigurations = (
				685D4195217BDC19003D1B79 /* Debug */,
				685D4196217BDC19003D1B79 /* Release */,
			);
			defaultConfigurationIsVisible = 0;
			defaultConfigurationName = Release;
		};
		685D4197217BDC19003D1B79 /* Build configuration list for PBXNativeTarget "ReloadAllUITests" */ = {
			isa = XCConfigurationList;
			buildConfigurations = (
				685D4198217BDC19003D1B79 /* Debug */,
				685D4199217BDC19003D1B79 /* Release */,
			);
			defaultConfigurationIsVisible = 0;
			defaultConfigurationName = Release;
		};
		685D41B3217BDC61003D1B79 /* Build configuration list for PBXNativeTarget "SafariExtension" */ = {
			isa = XCConfigurationList;
			buildConfigurations = (
				685D41B4217BDC61003D1B79 /* Debug */,
				685D41B5217BDC61003D1B79 /* Release */,
			);
			defaultConfigurationIsVisible = 0;
			defaultConfigurationName = Release;
		};
/* End XCConfigurationList section */
	};
	rootObject = 685D4163217BDC18003D1B79 /* Project object */;
}
